// !$*UTF8*$!
{
	archiveVersion = 1;
	classes = {
	};
	objectVersion = 48;
	objects = {

/* Begin PBXBuildFile section */
		DBB8A09823F33A9400D55960 /* AppDelegate.swift in Sources */ = {isa = PBXBuildFile; fileRef = DBB8A09723F33A9400D55960 /* AppDelegate.swift */; };
		DBB8A09A23F33A9400D55960 /* MyCoffeeMachineViewController.swift in Sources */ = {isa = PBXBuildFile; fileRef = DBB8A09923F33A9400D55960 /* MyCoffeeMachineViewController.swift */; };
		DBB8A09D23F33A9400D55960 /* Main.storyboard in Resources */ = {isa = PBXBuildFile; fileRef = DBB8A09B23F33A9400D55960 /* Main.storyboard */; };
		DBB8A09F23F33A9400D55960 /* Assets.xcassets in Resources */ = {isa = PBXBuildFile; fileRef = DBB8A09E23F33A9400D55960 /* Assets.xcassets */; };
		DBB8A0A223F33A9400D55960 /* LaunchScreen.storyboard in Resources */ = {isa = PBXBuildFile; fileRef = DBB8A0A023F33A9400D55960 /* LaunchScreen.storyboard */; };
		DBB8A0AA23F33AE900D55960 /* MyCoffeeMachine.swift in Sources */ = {isa = PBXBuildFile; fileRef = DBB8A0A923F33AE900D55960 /* MyCoffeeMachine.swift */; };
/* End PBXBuildFile section */

/* Begin PBXFileReference section */
		DBB8A09423F33A9400D55960 /* myCoffeeMachine.app */ = {isa = PBXFileReference; explicitFileType = wrapper.application; includeInIndex = 0; path = myCoffeeMachine.app; sourceTree = BUILT_PRODUCTS_DIR; };
		DBB8A09723F33A9400D55960 /* AppDelegate.swift */ = {isa = PBXFileReference; lastKnownFileType = sourcecode.swift; path = AppDelegate.swift; sourceTree = "<group>"; };
		DBB8A09923F33A9400D55960 /* MyCoffeeMachineViewController.swift */ = {isa = PBXFileReference; lastKnownFileType = sourcecode.swift; path = MyCoffeeMachineViewController.swift; sourceTree = "<group>"; };
		DBB8A09C23F33A9400D55960 /* Base */ = {isa = PBXFileReference; lastKnownFileType = file.storyboard; name = Base; path = Base.lproj/Main.storyboard; sourceTree = "<group>"; };
		DBB8A09E23F33A9400D55960 /* Assets.xcassets */ = {isa = PBXFileReference; lastKnownFileType = folder.assetcatalog; path = Assets.xcassets; sourceTree = "<group>"; };
		DBB8A0A123F33A9400D55960 /* Base */ = {isa = PBXFileReference; lastKnownFileType = file.storyboard; name = Base; path = Base.lproj/LaunchScreen.storyboard; sourceTree = "<group>"; };
		DBB8A0A323F33A9400D55960 /* Info.plist */ = {isa = PBXFileReference; lastKnownFileType = text.plist.xml; path = Info.plist; sourceTree = "<group>"; };
		DBB8A0A923F33AE900D55960 /* MyCoffeeMachine.swift */ = {isa = PBXFileReference; lastKnownFileType = sourcecode.swift; path = MyCoffeeMachine.swift; sourceTree = "<group>"; };
/* End PBXFileReference section */

/* Begin PBXFrameworksBuildPhase section */
		DBB8A09123F33A9400D55960 /* Frameworks */ = {
			isa = PBXFrameworksBuildPhase;
			buildActionMask = 2147483647;
			files = (
			);
			runOnlyForDeploymentPostprocessing = 0;
		};
/* End PBXFrameworksBuildPhase section */

/* Begin PBXGroup section */
		DBB8A08B23F33A9400D55960 = {
			isa = PBXGroup;
			children = (
				DBB8A09623F33A9400D55960 /* myCoffeeMachine */,
				DBB8A09523F33A9400D55960 /* Products */,
			);
			sourceTree = "<group>";
		};
		DBB8A09523F33A9400D55960 /* Products */ = {
			isa = PBXGroup;
			children = (
				DBB8A09423F33A9400D55960 /* myCoffeeMachine.app */,
			);
			name = Products;
			sourceTree = "<group>";
		};
		DBB8A09623F33A9400D55960 /* myCoffeeMachine */ = {
			isa = PBXGroup;
			children = (
				DBB8A09723F33A9400D55960 /* AppDelegate.swift */,
				DBB8A09923F33A9400D55960 /* MyCoffeeMachineViewController.swift */,
				DBB8A0A923F33AE900D55960 /* MyCoffeeMachine.swift */,
				DBB8A09B23F33A9400D55960 /* Main.storyboard */,
				DBB8A09E23F33A9400D55960 /* Assets.xcassets */,
				DBB8A0A023F33A9400D55960 /* LaunchScreen.storyboard */,
				DBB8A0A323F33A9400D55960 /* Info.plist */,
			);
			path = myCoffeeMachine;
			sourceTree = "<group>";
		};
/* End PBXGroup section */

/* Begin PBXNativeTarget section */
		DBB8A09323F33A9400D55960 /* myCoffeeMachine */ = {
			isa = PBXNativeTarget;
			buildConfigurationList = DBB8A0A623F33A9400D55960 /* Build configuration list for PBXNativeTarget "myCoffeeMachine" */;
			buildPhases = (
				DBB8A09023F33A9400D55960 /* Sources */,
				DBB8A09123F33A9400D55960 /* Frameworks */,
				DBB8A09223F33A9400D55960 /* Resources */,
			);
			buildRules = (
			);
			dependencies = (
			);
			name = myCoffeeMachine;
			productName = myCoffeeMachine;
			productReference = DBB8A09423F33A9400D55960 /* myCoffeeMachine.app */;
			productType = "com.apple.product-type.application";
		};
/* End PBXNativeTarget section */

/* Begin PBXProject section */
		DBB8A08C23F33A9400D55960 /* Project object */ = {
			isa = PBXProject;
			attributes = {
				LastSwiftUpdateCheck = 0920;
				LastUpgradeCheck = 0920;
				ORGANIZATIONNAME = "Oleksandr Solokha";
				TargetAttributes = {
					DBB8A09323F33A9400D55960 = {
						CreatedOnToolsVersion = 9.2;
						ProvisioningStyle = Automatic;
					};
				};
			};
			buildConfigurationList = DBB8A08F23F33A9400D55960 /* Build configuration list for PBXProject "myCoffeeMachine" */;
			compatibilityVersion = "Xcode 8.0";
			developmentRegion = en;
			hasScannedForEncodings = 0;
			knownRegions = (
				en,
				Base,
			);
			mainGroup = DBB8A08B23F33A9400D55960;
			productRefGroup = DBB8A09523F33A9400D55960 /* Products */;
			projectDirPath = "";
			projectRoot = "";
			targets = (
				DBB8A09323F33A9400D55960 /* myCoffeeMachine */,
			);
		};
/* End PBXProject section */

/* Begin PBXResourcesBuildPhase section */
		DBB8A09223F33A9400D55960 /* Resources */ = {
			isa = PBXResourcesBuildPhase;
			buildActionMask = 2147483647;
			files = (
				DBB8A0A223F33A9400D55960 /* LaunchScreen.storyboard in Resources */,
				DBB8A09F23F33A9400D55960 /* Assets.xcassets in Resources */,
				DBB8A09D23F33A9400D55960 /* Main.storyboard in Resources */,
			);
			runOnlyForDeploymentPostprocessing = 0;
		};
/* End PBXResourcesBuildPhase section */

/* Begin PBXSourcesBuildPhase section */
		DBB8A09023F33A9400D55960 /* Sources */ = {
			isa = PBXSourcesBuildPhase;
			buildActionMask = 2147483647;
			files = (
				DBB8A09A23F33A9400D55960 /* MyCoffeeMachineViewController.swift in Sources */,
				DBB8A0AA23F33AE900D55960 /* MyCoffeeMachine.swift in Sources */,
				DBB8A09823F33A9400D55960 /* AppDelegate.swift in Sources */,
			);
			runOnlyForDeploymentPostprocessing = 0;
		};
/* End PBXSourcesBuildPhase section */

/* Begin PBXVariantGroup section */
		DBB8A09B23F33A9400D55960 /* Main.storyboard */ = {
			isa = PBXVariantGroup;
			children = (
				DBB8A09C23F33A9400D55960 /* Base */,
			);
			name = Main.storyboard;
			sourceTree = "<group>";
		};
		DBB8A0A023F33A9400D55960 /* LaunchScreen.storyboard */ = {
			isa = PBXVariantGroup;
			children = (
				DBB8A0A123F33A9400D55960 /* Base */,
			);
			name = LaunchScreen.storyboard;
			sourceTree = "<group>";
		};
/* End PBXVariantGroup section */

/* Begin XCBuildConfiguration section */
		DBB8A0A423F33A9400D55960 /* Debug */ = {
			isa = XCBuildConfiguration;
			buildSettings = {
				ALWAYS_SEARCH_USER_PATHS = NO;
				CLANG_ANALYZER_NONNULL = YES;
				CLANG_ANALYZER_NUMBER_OBJECT_CONVERSION = YES_AGGRESSIVE;
				CLANG_CXX_LANGUAGE_STANDARD = "gnu++14";
				CLANG_CXX_LIBRARY = "libc++";
				CLANG_ENABLE_MODULES = YES;
				CLANG_ENABLE_OBJC_ARC = YES;
				CLANG_WARN_BLOCK_CAPTURE_AUTORELEASING = YES;
				CLANG_WARN_BOOL_CONVERSION = YES;
				CLANG_WARN_COMMA = YES;
				CLANG_WARN_CONSTANT_CONVERSION = YES;
				CLANG_WARN_DIRECT_OBJC_ISA_USAGE = YES_ERROR;
				CLANG_WARN_DOCUMENTATION_COMMENTS = YES;
				CLANG_WARN_EMPTY_BODY = YES;
				CLANG_WARN_ENUM_CONVERSION = YES;
				CLANG_WARN_INFINITE_RECURSION = YES;
				CLANG_WARN_INT_CONVERSION = YES;
				CLANG_WARN_NON_LITERAL_NULL_CONVERSION = YES;
				CLANG_WARN_OBJC_LITERAL_CONVERSION = YES;
				CLANG_WARN_OBJC_ROOT_CLASS = YES_ERROR;
				CLANG_WARN_RANGE_LOOP_ANALYSIS = YES;
				CLANG_WARN_STRICT_PROTOTYPES = YES;
				CLANG_WARN_SUSPICIOUS_MOVE = YES;
				CLANG_WARN_UNGUARDED_AVAILABILITY = YES_AGGRESSIVE;
				CLANG_WARN_UNREACHABLE_CODE = YES;
				CLANG_WARN__DUPLICATE_METHOD_MATCH = YES;
				CODE_SIGN_IDENTITY = "iPhone Developer";
				COPY_PHASE_STRIP = NO;
				DEBUG_INFORMATION_FORMAT = dwarf;
				ENABLE_STRICT_OBJC_MSGSEND = YES;
				ENABLE_TESTABILITY = YES;
				GCC_C_LANGUAGE_STANDARD = gnu11;
				GCC_DYNAMIC_NO_PIC = NO;
				GCC_NO_COMMON_BLOCKS = YES;
				GCC_OPTIMIZATION_LEVEL = 0;
				GCC_PREPROCESSOR_DEFINITIONS = (
					"DEBUG=1",
					"$(inherited)",
				);
				GCC_WARN_64_TO_32_BIT_CONVERSION = YES;
				GCC_WARN_ABOUT_RETURN_TYPE = YES_ERROR;
				GCC_WARN_UNDECLARED_SELECTOR = YES;
				GCC_WARN_UNINITIALIZED_AUTOS = YES_AGGRESSIVE;
				GCC_WARN_UNUSED_FUNCTION = YES;
				GCC_WARN_UNUSED_VARIABLE = YES;
				IPHONEOS_DEPLOYMENT_TARGET = 11.2;
				MTL_ENABLE_DEBUG_INFO = YES;
				ONLY_ACTIVE_ARCH = YES;
				SDKROOT = iphoneos;
				SWIFT_ACTIVE_COMPILATION_CONDITIONS = DEBUG;
				SWIFT_OPTIMIZATION_LEVEL = "-Onone";
			};
			name = Debug;
		};
		DBB8A0A523F33A9400D55960 /* Release */ = {
			isa = XCBuildConfiguration;
			buildSettings = {
				ALWAYS_SEARCH_USER_PATHS = NO;
				CLANG_ANALYZER_NONNULL = YES;
				CLANG_ANALYZER_NUMBER_OBJECT_CONVERSION = YES_AGGRESSIVE;
				CLANG_CXX_LANGUAGE_STANDARD = "gnu++14";
				CLANG_CXX_LIBRARY = "libc++";
				CLANG_ENABLE_MODULES = YES;
				CLANG_ENABLE_OBJC_ARC = YES;
				CLANG_WARN_BLOCK_CAPTURE_AUTORELEASING = YES;
				CLANG_WARN_BOOL_CONVERSION = YES;
				CLANG_WARN_COMMA = YES;
				CLANG_WARN_CONSTANT_CONVERSION = YES;
				CLANG_WARN_DIRECT_OBJC_ISA_USAGE = YES_ERROR;
				CLANG_WARN_DOCUMENTATION_COMMENTS = YES;
				CLANG_WARN_EMPTY_BODY = YES;
				CLANG_WARN_ENUM_CONVERSION = YES;
				CLANG_WARN_INFINITE_RECURSION = YES;
				CLANG_WARN_INT_CONVERSION = YES;
				CLANG_WARN_NON_LITERAL_NULL_CONVERSION = YES;
				CLANG_WARN_OBJC_LITERAL_CONVERSION = YES;
				CLANG_WARN_OBJC_ROOT_CLASS = YES_ERROR;
				CLANG_WARN_RANGE_LOOP_ANALYSIS = YES;
				CLANG_WARN_STRICT_PROTOTYPES = YES;
				CLANG_WARN_SUSPICIOUS_MOVE = YES;
				CLANG_WARN_UNGUARDED_AVAILABILITY = YES_AGGRESSIVE;
				CLANG_WARN_UNREACHABLE_CODE = YES;
				CLANG_WARN__DUPLICATE_METHOD_MATCH = YES;
				CODE_SIGN_IDENTITY = "iPhone Developer";
				COPY_PHASE_STRIP = NO;
				DEBUG_INFORMATION_FORMAT = "dwarf-with-dsym";
				ENABLE_NS_ASSERTIONS = NO;
				ENABLE_STRICT_OBJC_MSGSEND = YES;
				GCC_C_LANGUAGE_STANDARD = gnu11;
				GCC_NO_COMMON_BLOCKS = YES;
				GCC_WARN_64_TO_32_BIT_CONVERSION = YES;
				GCC_WARN_ABOUT_RETURN_TYPE = YES_ERROR;
				GCC_WARN_UNDECLARED_SELECTOR = YES;
				GCC_WARN_UNINITIALIZED_AUTOS = YES_AGGRESSIVE;
				GCC_WARN_UNUSED_FUNCTION = YES;
				GCC_WARN_UNUSED_VARIABLE = YES;
				IPHONEOS_DEPLOYMENT_TARGET = 11.2;
				MTL_ENABLE_DEBUG_INFO = NO;
				SDKROOT = iphoneos;
				SWIFT_OPTIMIZATION_LEVEL = "-Owholemodule";
				VALIDATE_PRODUCT = YES;
			};
			name = Release;
		};
		DBB8A0A723F33A9400D55960 /* Debug */ = {
			isa = XCBuildConfiguration;
			buildSettings = {
				ASSETCATALOG_COMPILER_APPICON_NAME = AppIcon;
				CODE_SIGN_STYLE = Automatic;
				DEVELOPMENT_TEAM = X8NNCQ3HW6;
				INFOPLIST_FILE = myCoffeeMachine/Info.plist;
				IPHONEOS_DEPLOYMENT_TARGET = 9.3;
				LD_RUNPATH_SEARCH_PATHS = "$(inherited) @executable_path/Frameworks";
				PRODUCT_BUNDLE_IDENTIFIER = OleksandrSolokha.myCoffeeMachine;
				PRODUCT_NAME = "$(TARGET_NAME)";
				SWIFT_VERSION = 4.0;
				TARGETED_DEVICE_FAMILY = 1;
			};
			name = Debug;
		};
		DBB8A0A823F33A9400D55960 /* Release */ = {
			isa = XCBuildConfiguration;
			buildSettings = {
				ASSETCATALOG_COMPILER_APPICON_NAME = AppIcon;
				CODE_SIGN_STYLE = Automatic;
				DEVELOPMENT_TEAM = X8NNCQ3HW6;
				INFOPLIST_FILE = myCoffeeMachine/Info.plist;
				IPHONEOS_DEPLOYMENT_TARGET = 9.3;
				LD_RUNPATH_SEARCH_PATHS = "$(inherited) @executable_path/Frameworks";
				PRODUCT_BUNDLE_IDENTIFIER = OleksandrSolokha.myCoffeeMachine;
				PRODUCT_NAME = "$(TARGET_NAME)";
				SWIFT_VERSION = 4.0;
				TARGETED_DEVICE_FAMILY = 1;
			};
			name = Release;
		};
/* End XCBuildConfiguration section */

/* Begin XCConfigurationList section */
		DBB8A08F23F33A9400D55960 /* Build configuration list for PBXProject "myCoffeeMachine" */ = {
			isa = XCConfigurationList;
			buildConfigurations = (
				DBB8A0A423F33A9400D55960 /* Debug */,
				DBB8A0A523F33A9400D55960 /* Release */,
			);
			defaultConfigurationIsVisible = 0;
			defaultConfigurationName = Release;
		};
		DBB8A0A623F33A9400D55960 /* Build configuration list for PBXNativeTarget "myCoffeeMachine" */ = {
			isa = XCConfigurationList;
			buildConfigurations = (
				DBB8A0A723F33A9400D55960 /* Debug */,
				DBB8A0A823F33A9400D55960 /* Release */,
			);
			defaultConfigurationIsVisible = 0;
			defaultConfigurationName = Release;
		};
/* End XCConfigurationList section */
	};
	rootObject = DBB8A08C23F33A9400D55960 /* Project object */;
}
